
Microsoft Visual Studio Solution File, Format Version 12.00
# Visual Studio 15
VisualStudioVersion = 15.0.27004.2006
MinimumVisualStudioVersion = 10.0.40219.1
Project("{FAE04EC0-301F-11D3-BF4B-00C04F79EFBC}") = "RawCollector", "RawCollector\RawCollector.csproj", "{6C689DEF-E6FF-4054-BAE1-AB74D0A627A2}"
EndProject
Project("{FAE04EC0-301F-11D3-BF4B-00C04F79EFBC}") = "RawCollectorService", "RawCollectorService\RawCollectorService.csproj", "{24791BCD-8983-4D90-8002-A1CB815D2658}"
EndProject
Project("{FAE04EC0-301F-11D3-BF4B-00C04F79EFBC}") = "CollectorTools", "CollectorTools\CollectorTools.csproj", "{D18B0FE0-D3D0-40BB-9970-970704322994}"
EndProject
Global
	GlobalSection(SolutionConfigurationPlatforms) = preSolution
		Debug|Any CPU = Debug|Any CPU
		Release|Any CPU = Release|Any CPU
	EndGlobalSection
	GlobalSection(ProjectConfigurationPlatforms) = postSolution
		{6C689DEF-E6FF-4054-BAE1-AB74D0A627A2}.Debug|Any CPU.ActiveCfg = Debug|Any CPU
		{6C689DEF-E6FF-4054-BAE1-AB74D0A627A2}.Debug|Any CPU.Build.0 = Debug|Any CPU
		{6C689DEF-E6FF-4054-BAE1-AB74D0A627A2}.Release|Any CPU.ActiveCfg = Release|Any CPU
		{6C689DEF-E6FF-4054-BAE1-AB74D0A627A2}.Release|Any CPU.Build.0 = Release|Any CPU
		{24791BCD-8983-4D90-8002-A1CB815D2658}.Debug|Any CPU.ActiveCfg = Debug|Any CPU
		{24791BCD-8983-4D90-8002-A1CB815D2658}.Debug|Any CPU.Build.0 = Debug|Any CPU
		{24791BCD-8983-4D90-8002-A1CB815D2658}.Release|Any CPU.ActiveCfg = Release|Any CPU
		{24791BCD-8983-4D90-8002-A1CB815D2658}.Release|Any CPU.Build.0 = Release|Any CPU
		{D18B0FE0-D3D0-40BB-9970-970704322994}.Debug|Any CPU.ActiveCfg = Debug|Any CPU
		{D18B0FE0-D3D0-40BB-9970-970704322994}.Debug|Any CPU.Build.0 = Debug|Any CPU
		{D18B0FE0-D3D0-40BB-9970-970704322994}.Release|Any CPU.ActiveCfg = Release|Any CPU
		{D18B0FE0-D3D0-40BB-9970-970704322994}.Release|Any CPU.Build.0 = Release|Any CPU
	EndGlobalSection
	GlobalSection(SolutionProperties) = preSolution
		HideSolutionNode = FALSE
	EndGlobalSection
	GlobalSection(ExtensibilityGlobals) = postSolution
		SolutionGuid = {AA919B11-6CCB-420B-BE4E-643166F48421}
	EndGlobalSection
EndGlobal
